
Microsoft Visual Studio Solution File, Format Version 12.00
# Visual Studio Version 17
VisualStudioVersion = 17.0.31912.275
MinimumVisualStudioVersion = 10.0.40219.1
Project("{FAE04EC0-301F-11D3-BF4B-00C04F79EFBC}") = "Coinslosh.FunctionApp", "Coinslosh.FunctionApp\Coinslosh.FunctionApp.csproj", "{821523C0-2217-49D2-93B2-F9449B071D15}"
EndProject
Global
	GlobalSection(SolutionConfigurationPlatforms) = preSolution
		Debug|Any CPU = Debug|Any CPU
		Release|Any CPU = Release|Any CPU
	EndGlobalSection
	GlobalSection(ProjectConfigurationPlatforms) = postSolution
		{821523C0-2217-49D2-93B2-F9449B071D15}.Debug|Any CPU.ActiveCfg = Debug|Any CPU
		{821523C0-2217-49D2-93B2-F9449B071D15}.Debug|Any CPU.Build.0 = Debug|Any CPU
		{821523C0-2217-49D2-93B2-F9449B071D15}.Release|Any CPU.ActiveCfg = Release|Any CPU
		{821523C0-2217-49D2-93B2-F9449B071D15}.Release|Any CPU.Build.0 = Release|Any CPU
	EndGlobalSection
	GlobalSection(SolutionProperties) = preSolution
		HideSolutionNode = FALSE
	EndGlobalSection
	GlobalSection(ExtensibilityGlobals) = postSolution
		SolutionGuid = {6858A2DD-1E54-46C9-8601-009815A865AB}
	EndGlobalSection
EndGlobal
